
Microsoft Visual Studio Solution File, Format Version 12.00
# Visual Studio 15
VisualStudioVersion = 15.0.26730.16
MinimumVisualStudioVersion = 10.0.40219.1
Project("{FAE04EC0-301F-11D3-BF4B-00C04F79EFBC}") = "Bissexto", "Bissexto\Bissexto.csproj", "{C507811B-9383-45A1-956E-24989BD02BD9}"
EndProject
Project("{FAE04EC0-301F-11D3-BF4B-00C04F79EFBC}") = "Bissexto.Tests", "Bissexto.Tests\Bissexto.Tests.csproj", "{8EDF4429-251A-416D-BB68-93F227191BCF}"
EndProject
Global
	GlobalSection(SolutionConfigurationPlatforms) = preSolution
		Debug|Any CPU = Debug|Any CPU
		Release|Any CPU = Release|Any CPU
	EndGlobalSection
	GlobalSection(ProjectConfigurationPlatforms) = postSolution
		{C507811B-9383-45A1-956E-24989BD02BD9}.Debug|Any CPU.ActiveCfg = Debug|Any CPU
		{C507811B-9383-45A1-956E-24989BD02BD9}.Debug|Any CPU.Build.0 = Debug|Any CPU
		{C507811B-9383-45A1-956E-24989BD02BD9}.Release|Any CPU.ActiveCfg = Release|Any CPU
		{C507811B-9383-45A1-956E-24989BD02BD9}.Release|Any CPU.Build.0 = Release|Any CPU
		{8EDF4429-251A-416D-BB68-93F227191BCF}.Debug|Any CPU.ActiveCfg = Debug|Any CPU
		{8EDF4429-251A-416D-BB68-93F227191BCF}.Debug|Any CPU.Build.0 = Debug|Any CPU
		{8EDF4429-251A-416D-BB68-93F227191BCF}.Release|Any CPU.ActiveCfg = Release|Any CPU
		{8EDF4429-251A-416D-BB68-93F227191BCF}.Release|Any CPU.Build.0 = Release|Any CPU
	EndGlobalSection
	GlobalSection(SolutionProperties) = preSolution
		HideSolutionNode = FALSE
	EndGlobalSection
	GlobalSection(ExtensibilityGlobals) = postSolution
		SolutionGuid = {14845D4F-C26D-4102-92D2-68C00C2C3977}
	EndGlobalSection
EndGlobal
