
Microsoft Visual Studio Solution File, Format Version 12.00
# Visual Studio 15
VisualStudioVersion = 15.0.26730.16
MinimumVisualStudioVersion = 10.0.40219.1
Project("{FAE04EC0-301F-11D3-BF4B-00C04F79EFBC}") = "Palindromo", "Palindromo\Palindromo.csproj", "{58D8EF27-E258-4986-BEB8-58219023B3D0}"
EndProject
Global
	GlobalSection(SolutionConfigurationPlatforms) = preSolution
		Debug|Any CPU = Debug|Any CPU
		Release|Any CPU = Release|Any CPU
	EndGlobalSection
	GlobalSection(ProjectConfigurationPlatforms) = postSolution
		{58D8EF27-E258-4986-BEB8-58219023B3D0}.Debug|Any CPU.ActiveCfg = Debug|Any CPU
		{58D8EF27-E258-4986-BEB8-58219023B3D0}.Debug|Any CPU.Build.0 = Debug|Any CPU
		{58D8EF27-E258-4986-BEB8-58219023B3D0}.Release|Any CPU.ActiveCfg = Release|Any CPU
		{58D8EF27-E258-4986-BEB8-58219023B3D0}.Release|Any CPU.Build.0 = Release|Any CPU
	EndGlobalSection
	GlobalSection(SolutionProperties) = preSolution
		HideSolutionNode = FALSE
	EndGlobalSection
	GlobalSection(ExtensibilityGlobals) = postSolution
		SolutionGuid = {7006C9AC-EF52-44CA-8D17-66F879A80C00}
	EndGlobalSection
EndGlobal
